
Microsoft Visual Studio Solution File, Format Version 12.00
# Visual Studio 2013
VisualStudioVersion = 12.0.21005.1
MinimumVisualStudioVersion = 10.0.40219.1
Project("{FAE04EC0-301F-11D3-BF4B-00C04F79EFBC}") = "PastaCFW Configurator", "PastaCFW Configurator\PastaCFW Configurator.csproj", "{4ABB6FA5-D3FC-4A6B-B925-34D4BBD6CC85}"
EndProject
Global
	GlobalSection(SolutionConfigurationPlatforms) = preSolution
		Debug|Any CPU = Debug|Any CPU
		Release|Any CPU = Release|Any CPU
	EndGlobalSection
	GlobalSection(ProjectConfigurationPlatforms) = postSolution
		{4ABB6FA5-D3FC-4A6B-B925-34D4BBD6CC85}.Debug|Any CPU.ActiveCfg = Debug|Any CPU
		{4ABB6FA5-D3FC-4A6B-B925-34D4BBD6CC85}.Debug|Any CPU.Build.0 = Debug|Any CPU
		{4ABB6FA5-D3FC-4A6B-B925-34D4BBD6CC85}.Release|Any CPU.ActiveCfg = Release|Any CPU
		{4ABB6FA5-D3FC-4A6B-B925-34D4BBD6CC85}.Release|Any CPU.Build.0 = Release|Any CPU
	EndGlobalSection
	GlobalSection(SolutionProperties) = preSolution
		HideSolutionNode = FALSE
	EndGlobalSection
EndGlobal
